
Microsoft Visual Studio Solution File, Format Version 12.00
# Visual Studio Version 17
VisualStudioVersion = 17.8.34322.80
MinimumVisualStudioVersion = 10.0.40219.1
Project("{FAE04EC0-301F-11D3-BF4B-00C04F79EFBC}") = "Dencove_API", "Dencove_API\Dencove_API.csproj", "{6707F6DD-6192-4578-8409-85C631D757B7}"
EndProject
Global
	GlobalSection(SolutionConfigurationPlatforms) = preSolution
		Debug|Any CPU = Debug|Any CPU
		Release|Any CPU = Release|Any CPU
	EndGlobalSection
	GlobalSection(ProjectConfigurationPlatforms) = postSolution
		{6707F6DD-6192-4578-8409-85C631D757B7}.Debug|Any CPU.ActiveCfg = Debug|Any CPU
		{6707F6DD-6192-4578-8409-85C631D757B7}.Debug|Any CPU.Build.0 = Debug|Any CPU
		{6707F6DD-6192-4578-8409-85C631D757B7}.Release|Any CPU.ActiveCfg = Release|Any CPU
		{6707F6DD-6192-4578-8409-85C631D757B7}.Release|Any CPU.Build.0 = Release|Any CPU
	EndGlobalSection
	GlobalSection(SolutionProperties) = preSolution
		HideSolutionNode = FALSE
	EndGlobalSection
	GlobalSection(ExtensibilityGlobals) = postSolution
		SolutionGuid = {E9BA5A2E-FF12-4EEF-A569-D9E48DA84DC5}
	EndGlobalSection
EndGlobal
